
Microsoft Visual Studio Solution File, Format Version 12.00
# Visual Studio 15
VisualStudioVersion = 15.0.28307.572
MinimumVisualStudioVersion = 10.0.40219.1
Project("{FAE04EC0-301F-11D3-BF4B-00C04F79EFBC}") = "WebApplication1", "WebApplication1\WebApplication1.csproj", "{44FE9553-A616-40CE-B248-956AB3CAC541}"
EndProject
Global
	GlobalSection(SolutionConfigurationPlatforms) = preSolution
		Debug|Any CPU = Debug|Any CPU
		Release|Any CPU = Release|Any CPU
	EndGlobalSection
	GlobalSection(ProjectConfigurationPlatforms) = postSolution
		{44FE9553-A616-40CE-B248-956AB3CAC541}.Debug|Any CPU.ActiveCfg = Debug|Any CPU
		{44FE9553-A616-40CE-B248-956AB3CAC541}.Debug|Any CPU.Build.0 = Debug|Any CPU
		{44FE9553-A616-40CE-B248-956AB3CAC541}.Release|Any CPU.ActiveCfg = Release|Any CPU
		{44FE9553-A616-40CE-B248-956AB3CAC541}.Release|Any CPU.Build.0 = Release|Any CPU
	EndGlobalSection
	GlobalSection(SolutionProperties) = preSolution
		HideSolutionNode = FALSE
	EndGlobalSection
	GlobalSection(ExtensibilityGlobals) = postSolution
		SolutionGuid = {AC4FE505-4C11-43F0-A377-A62EF6F112D3}
	EndGlobalSection
EndGlobal
